{
  "name": "Project_Fotolog",
  "lockfileVersion": 2,
  "requires": true,
  "packages": {
    "": {
      "dependencies": {
        "materialize": "^1.0.0"
      }
    },
    "node_modules/materialize": {
      "version": "1.0.0",
      "resolved": "https://registry.npmjs.org/materialize/-/materialize-1.0.0.tgz",
      "integrity": "sha512-KhflKa7pi4mUbFtVjkbEM1POPWlxuP+RivQocfuGkFIFteFj+oVSNMsbBXYJTUdZ1FZOgDINfFbWqOvHl0bo9Q=="
    }
  },
  "dependencies": {
    "materialize": {
      "version": "1.0.0",
      "resolved": "https://registry.npmjs.org/materialize/-/materialize-1.0.0.tgz",
      "integrity": "sha512-KhflKa7pi4mUbFtVjkbEM1POPWlxuP+RivQocfuGkFIFteFj+oVSNMsbBXYJTUdZ1FZOgDINfFbWqOvHl0bo9Q=="
    }
  }
}
