{
  "name": "Project_Fotolog",
  "lockfileVersion": 2,
  "requires": true,
  "packages": {
    "": {
      "dependencies": {
        "materialize": "^1.0.0",
        "materialize-css": "^1.0.0"
      }
    },
    "node_modules/materialize": {
      "version": "1.0.0",
      "resolved": "https://registry.npmjs.org/materialize/-/materialize-1.0.0.tgz",
      "integrity": "sha512-KhflKa7pi4mUbFtVjkbEM1POPWlxuP+RivQocfuGkFIFteFj+oVSNMsbBXYJTUdZ1FZOgDINfFbWqOvHl0bo9Q=="
    },
    "node_modules/materialize-css": {
      "version": "1.0.0",
      "resolved": "https://registry.npmjs.org/materialize-css/-/materialize-css-1.0.0.tgz",
      "integrity": "sha512-4/oecXl8y/1i8RDZvyvwAICyqwNoKU4or5uf8uoAd74k76KzZ0Llym4zhJ5lLNUskcqjO0AuMcvNyDkpz8Z6zw=="
    }
  },
  "dependencies": {
    "materialize": {
      "version": "1.0.0",
      "resolved": "https://registry.npmjs.org/materialize/-/materialize-1.0.0.tgz",
      "integrity": "sha512-KhflKa7pi4mUbFtVjkbEM1POPWlxuP+RivQocfuGkFIFteFj+oVSNMsbBXYJTUdZ1FZOgDINfFbWqOvHl0bo9Q=="
    },
    "materialize-css": {
      "version": "1.0.0",
      "resolved": "https://registry.npmjs.org/materialize-css/-/materialize-css-1.0.0.tgz",
      "integrity": "sha512-4/oecXl8y/1i8RDZvyvwAICyqwNoKU4or5uf8uoAd74k76KzZ0Llym4zhJ5lLNUskcqjO0AuMcvNyDkpz8Z6zw=="
    }
  }
}
